
Microsoft Visual Studio Solution File, Format Version 12.00
# Visual Studio Version 18
VisualStudioVersion = 18.1.11312.151 d18.0
MinimumVisualStudioVersion = 10.0.40219.1
Project("{FAE04EC0-301F-11D3-BF4B-00C04F79EFBC}") = "TurismoApp", "TurismoApp.csproj", "{DFC15F3A-028A-D78B-8DD6-7ECCE4EFEE37}"
EndProject
Global
	GlobalSection(SolutionConfigurationPlatforms) = preSolution
		Debug|Any CPU = Debug|Any CPU
		Release|Any CPU = Release|Any CPU
	EndGlobalSection
	GlobalSection(ProjectConfigurationPlatforms) = postSolution
		{DFC15F3A-028A-D78B-8DD6-7ECCE4EFEE37}.Debug|Any CPU.ActiveCfg = Debug|Any CPU
		{DFC15F3A-028A-D78B-8DD6-7ECCE4EFEE37}.Debug|Any CPU.Build.0 = Debug|Any CPU
		{DFC15F3A-028A-D78B-8DD6-7ECCE4EFEE37}.Release|Any CPU.ActiveCfg = Release|Any CPU
		{DFC15F3A-028A-D78B-8DD6-7ECCE4EFEE37}.Release|Any CPU.Build.0 = Release|Any CPU
	EndGlobalSection
	GlobalSection(SolutionProperties) = preSolution
		HideSolutionNode = FALSE
	EndGlobalSection
	GlobalSection(ExtensibilityGlobals) = postSolution
		SolutionGuid = {4491586B-2A55-4D67-AB45-237226518A89}
	EndGlobalSection
EndGlobal
